{
  "name": "svf-pag-svg",
  "lockfileVersion": 3,
  "requires": true,
  "packages": {
    "": {
      "name": "svf-pag-svg",
      "dependencies": {
        "@viz-js/viz": "3.31.0"
      }
    },
    "node_modules/@viz-js/viz": {
      "version": "3.31.0",
      "resolved": "https://registry.npmjs.org/@viz-js/viz/-/viz-3.31.0.tgz",
      "integrity": "sha512-r7zlQdRvcwvIpjHGgs+KNWHeE/P5/Dq7k8ZAKaMCbZqomxCBJV78gVuQYaHzFVca+kB0mX0fMW9UFevCOBG50A==",
      "license": "MIT"
    }
  }
}
